
Microsoft Visual Studio Solution File, Format Version 12.00
# Visual Studio Version 17
VisualStudioVersion = 17.0.32112.339
MinimumVisualStudioVersion = 10.0.40219.1
Project("{FAE04EC0-301F-11D3-BF4B-00C04F79EFBC}") = "DotnetCoreConsoleAPP", "DotnetCoreConsoleAPP.csproj", "{6A0E635B-1CE1-4175-95D1-AACA2733CD12}"
EndProject
Global
	GlobalSection(SolutionConfigurationPlatforms) = preSolution
		Debug|Any CPU = Debug|Any CPU
		Release|Any CPU = Release|Any CPU
	EndGlobalSection
	GlobalSection(ProjectConfigurationPlatforms) = postSolution
		{6A0E635B-1CE1-4175-95D1-AACA2733CD12}.Debug|Any CPU.ActiveCfg = Debug|Any CPU
		{6A0E635B-1CE1-4175-95D1-AACA2733CD12}.Debug|Any CPU.Build.0 = Debug|Any CPU
		{6A0E635B-1CE1-4175-95D1-AACA2733CD12}.Release|Any CPU.ActiveCfg = Release|Any CPU
		{6A0E635B-1CE1-4175-95D1-AACA2733CD12}.Release|Any CPU.Build.0 = Release|Any CPU
	EndGlobalSection
	GlobalSection(SolutionProperties) = preSolution
		HideSolutionNode = FALSE
	EndGlobalSection
	GlobalSection(ExtensibilityGlobals) = postSolution
		SolutionGuid = {4F0574F1-6DD2-4A2F-980C-97C7F2903E33}
	EndGlobalSection
EndGlobal
